
Microsoft Visual Studio Solution File, Format Version 12.00
# Visual Studio Version 17
VisualStudioVersion = 17.3.32922.545
MinimumVisualStudioVersion = 10.0.40219.1
Project("{FAE04EC0-301F-11D3-BF4B-00C04F79EFBC}") = "ProductApp", "ProductApp\ProductApp.csproj", "{E403927F-A9DA-4A85-9927-FB514D985640}"
EndProject
Global
	GlobalSection(SolutionConfigurationPlatforms) = preSolution
		Debug|Any CPU = Debug|Any CPU
		Release|Any CPU = Release|Any CPU
	EndGlobalSection
	GlobalSection(ProjectConfigurationPlatforms) = postSolution
		{E403927F-A9DA-4A85-9927-FB514D985640}.Debug|Any CPU.ActiveCfg = Debug|Any CPU
		{E403927F-A9DA-4A85-9927-FB514D985640}.Debug|Any CPU.Build.0 = Debug|Any CPU
		{E403927F-A9DA-4A85-9927-FB514D985640}.Release|Any CPU.ActiveCfg = Release|Any CPU
		{E403927F-A9DA-4A85-9927-FB514D985640}.Release|Any CPU.Build.0 = Release|Any CPU
	EndGlobalSection
	GlobalSection(SolutionProperties) = preSolution
		HideSolutionNode = FALSE
	EndGlobalSection
	GlobalSection(ExtensibilityGlobals) = postSolution
		SolutionGuid = {2CC2B3DD-AE67-4D3B-928A-84AD11E9D6D8}
	EndGlobalSection
EndGlobal
